
Microsoft Visual Studio Solution File, Format Version 12.00
# Visual Studio 14
VisualStudioVersion = 14.0.25420.1
MinimumVisualStudioVersion = 10.0.40219.1
Project("{FAE04EC0-301F-11D3-BF4B-00C04F79EFBC}") = "SharpUltimateTools", "SharpUltimateTools\SharpUltimateTools.csproj", "{5709915E-9B9D-4487-AB19-99959F1F7215}"
EndProject
Project("{FAE04EC0-301F-11D3-BF4B-00C04F79EFBC}") = "SharpUltimateToolsTest", "SharpUltimateToolsTest\SharpUltimateToolsTest.csproj", "{44C8E908-ECAD-4E64-B43A-276F974B47A5}"
EndProject
Global
	GlobalSection(SolutionConfigurationPlatforms) = preSolution
		Debug|Any CPU = Debug|Any CPU
		Release|Any CPU = Release|Any CPU
	EndGlobalSection
	GlobalSection(ProjectConfigurationPlatforms) = postSolution
		{5709915E-9B9D-4487-AB19-99959F1F7215}.Debug|Any CPU.ActiveCfg = Debug|Any CPU
		{5709915E-9B9D-4487-AB19-99959F1F7215}.Debug|Any CPU.Build.0 = Debug|Any CPU
		{5709915E-9B9D-4487-AB19-99959F1F7215}.Release|Any CPU.ActiveCfg = Release|Any CPU
		{5709915E-9B9D-4487-AB19-99959F1F7215}.Release|Any CPU.Build.0 = Release|Any CPU
		{44C8E908-ECAD-4E64-B43A-276F974B47A5}.Debug|Any CPU.ActiveCfg = Debug|Any CPU
		{44C8E908-ECAD-4E64-B43A-276F974B47A5}.Debug|Any CPU.Build.0 = Debug|Any CPU
		{44C8E908-ECAD-4E64-B43A-276F974B47A5}.Release|Any CPU.ActiveCfg = Release|Any CPU
		{44C8E908-ECAD-4E64-B43A-276F974B47A5}.Release|Any CPU.Build.0 = Release|Any CPU
	EndGlobalSection
	GlobalSection(SolutionProperties) = preSolution
		HideSolutionNode = FALSE
	EndGlobalSection
EndGlobal
